
Microsoft Visual Studio Solution File, Format Version 12.00
# Visual Studio 14
VisualStudioVersion = 14.0.23107.0
MinimumVisualStudioVersion = 10.0.40219.1
Project("{888888A0-9F3D-457C-B088-3A5042F75D52}") = "Assignment4_1a", "Assignment4_1a\Assignment4_1a.pyproj", "{A5FDA2F4-3FEF-43D7-B045-BE5D7A0F4C28}"
EndProject
Global
	GlobalSection(SolutionConfigurationPlatforms) = preSolution
		Debug|Any CPU = Debug|Any CPU
		Release|Any CPU = Release|Any CPU
	EndGlobalSection
	GlobalSection(ProjectConfigurationPlatforms) = postSolution
		{A5FDA2F4-3FEF-43D7-B045-BE5D7A0F4C28}.Debug|Any CPU.ActiveCfg = Debug|Any CPU
		{A5FDA2F4-3FEF-43D7-B045-BE5D7A0F4C28}.Release|Any CPU.ActiveCfg = Release|Any CPU
	EndGlobalSection
	GlobalSection(SolutionProperties) = preSolution
		HideSolutionNode = FALSE
	EndGlobalSection
EndGlobal
